
Microsoft Visual Studio Solution File, Format Version 12.00
# Visual Studio Version 17
VisualStudioVersion = 17.6.33815.320
MinimumVisualStudioVersion = 10.0.40219.1
Project("{FAE04EC0-301F-11D3-BF4B-00C04F79EFBC}") = "Laboratorio002_ejercicio10 consola", "Laboratorio002_ejercicio10 consola.csproj", "{7230B3DA-4746-4776-AB9E-BF19EACD20EF}"
EndProject
Global
	GlobalSection(SolutionConfigurationPlatforms) = preSolution
		Debug|Any CPU = Debug|Any CPU
		Release|Any CPU = Release|Any CPU
	EndGlobalSection
	GlobalSection(ProjectConfigurationPlatforms) = postSolution
		{7230B3DA-4746-4776-AB9E-BF19EACD20EF}.Debug|Any CPU.ActiveCfg = Debug|Any CPU
		{7230B3DA-4746-4776-AB9E-BF19EACD20EF}.Debug|Any CPU.Build.0 = Debug|Any CPU
		{7230B3DA-4746-4776-AB9E-BF19EACD20EF}.Release|Any CPU.ActiveCfg = Release|Any CPU
		{7230B3DA-4746-4776-AB9E-BF19EACD20EF}.Release|Any CPU.Build.0 = Release|Any CPU
	EndGlobalSection
	GlobalSection(SolutionProperties) = preSolution
		HideSolutionNode = FALSE
	EndGlobalSection
	GlobalSection(ExtensibilityGlobals) = postSolution
		SolutionGuid = {269A3BF4-AB79-4854-A619-9515AD3E7ADA}
	EndGlobalSection
EndGlobal
